{
    "_meta": {
        "hash": {
            "sha256": "48ea50233b770e7d43c28cfcc54043651faa62f75bada14b23eb75bac99a4dc5"
        },
        "pipfile-spec": 6,
        "requires": {
            "python_version": "3.12"
        },
        "sources": [
            {
                "name": "pypi",
                "url": "https://pypi.org/simple",
                "verify_ssl": true
            }
        ]
    },
    "default": {
        "pyglet": {
            "hashes": [
                "sha256:7cf9238d70082a2da282759679f8a011cc979753a32224a8ead8ed80e48f99dc",
                "sha256:e592952ae0297e456c587b6486ed8c3e5f9d0c3519d517bb92dde5fdf4c26b41"
            ],
            "index": "pypi",
            "markers": "python_version >= '3.8'",
            "version": "==2.0.18"
        }
    },
    "develop": {}
}
